# This file is automatically @generated by Cargo.
# It is not intended for manual editing.
version = 3

[[package]]
name = "min_max"
version = "0.1.0"
dependencies = [
 "segment_tree",
]

[[package]]
name = "queries_and_ops"
version = "0.1.0"

[[package]]
name = "segment_tree"
version = "0.1.0"
source = "git+https://github.com/giuseppe-muntoni/segment-tree.git#c49cd7da2ce27376f2124028ab1890caefb9c9f9"
